
Microsoft Visual Studio Solution File, Format Version 12.00
# Visual Studio Version 17
VisualStudioVersion = 17.2.32630.192
MinimumVisualStudioVersion = 10.0.40219.1
Project("{FAE04EC0-301F-11D3-BF4B-00C04F79EFBC}") = "EnBüyükDiziSum", "EnBüyükDiziSum\EnBüyükDiziSum.csproj", "{D9DAE468-5990-46F8-8491-A5B88E041B71}"
EndProject
Global
	GlobalSection(SolutionConfigurationPlatforms) = preSolution
		Debug|Any CPU = Debug|Any CPU
		Release|Any CPU = Release|Any CPU
	EndGlobalSection
	GlobalSection(ProjectConfigurationPlatforms) = postSolution
		{D9DAE468-5990-46F8-8491-A5B88E041B71}.Debug|Any CPU.ActiveCfg = Debug|Any CPU
		{D9DAE468-5990-46F8-8491-A5B88E041B71}.Debug|Any CPU.Build.0 = Debug|Any CPU
		{D9DAE468-5990-46F8-8491-A5B88E041B71}.Release|Any CPU.ActiveCfg = Release|Any CPU
		{D9DAE468-5990-46F8-8491-A5B88E041B71}.Release|Any CPU.Build.0 = Release|Any CPU
	EndGlobalSection
	GlobalSection(SolutionProperties) = preSolution
		HideSolutionNode = FALSE
	EndGlobalSection
	GlobalSection(ExtensibilityGlobals) = postSolution
		SolutionGuid = {6E639BAC-F998-4DF7-B3BD-71A3584E59CE}
	EndGlobalSection
EndGlobal
